// !$*UTF8*$!
{
	archiveVersion = 1;
	classes = {
	};
	objectVersion = 56;
	objects = {

/* Begin PBXBuildFile section */
		1250090C2B76FE42004338A7 /* ObjectivesApp.swift in Sources */ = {isa = PBXBuildFile; fileRef = 1250090B2B76FE42004338A7 /* ObjectivesApp.swift */; };
		1250090E2B76FE42004338A7 /* ContentView.swift in Sources */ = {isa = PBXBuildFile; fileRef = 1250090D2B76FE42004338A7 /* ContentView.swift */; };
		125009102B76FE43004338A7 /* Assets.xcassets in Resources */ = {isa = PBXBuildFile; fileRef = 1250090F2B76FE43004338A7 /* Assets.xcassets */; };
		125009142B76FE43004338A7 /* Preview Assets.xcassets in Resources */ = {isa = PBXBuildFile; fileRef = 125009132B76FE43004338A7 /* Preview Assets.xcassets */; };
		1250091E2B76FE44004338A7 /* ObjectivesTests.swift in Sources */ = {isa = PBXBuildFile; fileRef = 1250091D2B76FE44004338A7 /* ObjectivesTests.swift */; };
		125009282B76FE44004338A7 /* ObjectivesUITests.swift in Sources */ = {isa = PBXBuildFile; fileRef = 125009272B76FE44004338A7 /* ObjectivesUITests.swift */; };
		1250092A2B76FE44004338A7 /* ObjectivesUITestsLaunchTests.swift in Sources */ = {isa = PBXBuildFile; fileRef = 125009292B76FE44004338A7 /* ObjectivesUITestsLaunchTests.swift */; };
/* End PBXBuildFile section */

/* Begin PBXContainerItemProxy section */
		1250091A2B76FE44004338A7 /* PBXContainerItemProxy */ = {
			isa = PBXContainerItemProxy;
			containerPortal = 125009002B76FE42004338A7 /* Project object */;
			proxyType = 1;
			remoteGlobalIDString = 125009072B76FE42004338A7;
			remoteInfo = Objectives;
		};
		125009242B76FE44004338A7 /* PBXContainerItemProxy */ = {
			isa = PBXContainerItemProxy;
			containerPortal = 125009002B76FE42004338A7 /* Project object */;
			proxyType = 1;
			remoteGlobalIDString = 125009072B76FE42004338A7;
			remoteInfo = Objectives;
		};
/* End PBXContainerItemProxy section */

/* Begin PBXFileReference section */
		125009082B76FE42004338A7 /* Objectives.app */ = {isa = PBXFileReference; explicitFileType = wrapper.application; includeInIndex = 0; path = Objectives.app; sourceTree = BUILT_PRODUCTS_DIR; };
		1250090B2B76FE42004338A7 /* ObjectivesApp.swift */ = {isa = PBXFileReference; lastKnownFileType = sourcecode.swift; path = ObjectivesApp.swift; sourceTree = "<group>"; };
		1250090D2B76FE42004338A7 /* ContentView.swift */ = {isa = PBXFileReference; lastKnownFileType = sourcecode.swift; path = ContentView.swift; sourceTree = "<group>"; };
		1250090F2B76FE43004338A7 /* Assets.xcassets */ = {isa = PBXFileReference; lastKnownFileType = folder.assetcatalog; path = Assets.xcassets; sourceTree = "<group>"; };
		125009112B76FE43004338A7 /* Objectives.entitlements */ = {isa = PBXFileReference; lastKnownFileType = text.plist.entitlements; path = Objectives.entitlements; sourceTree = "<group>"; };
		125009132B76FE43004338A7 /* Preview Assets.xcassets */ = {isa = PBXFileReference; lastKnownFileType = folder.assetcatalog; path = "Preview Assets.xcassets"; sourceTree = "<group>"; };
		125009192B76FE44004338A7 /* ObjectivesTests.xctest */ = {isa = PBXFileReference; explicitFileType = wrapper.cfbundle; includeInIndex = 0; path = ObjectivesTests.xctest; sourceTree = BUILT_PRODUCTS_DIR; };
		1250091D2B76FE44004338A7 /* ObjectivesTests.swift */ = {isa = PBXFileReference; lastKnownFileType = sourcecode.swift; path = ObjectivesTests.swift; sourceTree = "<group>"; };
		125009232B76FE44004338A7 /* ObjectivesUITests.xctest */ = {isa = PBXFileReference; explicitFileType = wrapper.cfbundle; includeInIndex = 0; path = ObjectivesUITests.xctest; sourceTree = BUILT_PRODUCTS_DIR; };
		125009272B76FE44004338A7 /* ObjectivesUITests.swift */ = {isa = PBXFileReference; lastKnownFileType = sourcecode.swift; path = ObjectivesUITests.swift; sourceTree = "<group>"; };
		125009292B76FE44004338A7 /* ObjectivesUITestsLaunchTests.swift */ = {isa = PBXFileReference; lastKnownFileType = sourcecode.swift; path = ObjectivesUITestsLaunchTests.swift; sourceTree = "<group>"; };
/* End PBXFileReference section */

/* Begin PBXFrameworksBuildPhase section */
		125009052B76FE42004338A7 /* Frameworks */ = {
			isa = PBXFrameworksBuildPhase;
			buildActionMask = 2147483647;
			files = (
			);
			runOnlyForDeploymentPostprocessing = 0;
		};
		125009162B76FE44004338A7 /* Frameworks */ = {
			isa = PBXFrameworksBuildPhase;
			buildActionMask = 2147483647;
			files = (
			);
			runOnlyForDeploymentPostprocessing = 0;
		};
		125009202B76FE44004338A7 /* Frameworks */ = {
			isa = PBXFrameworksBuildPhase;
			buildActionMask = 2147483647;
			files = (
			);
			runOnlyForDeploymentPostprocessing = 0;
		};
/* End PBXFrameworksBuildPhase section */

/* Begin PBXGroup section */
		125008FF2B76FE42004338A7 = {
			isa = PBXGroup;
			children = (
				1250090A2B76FE42004338A7 /* Objectives */,
				1250091C2B76FE44004338A7 /* ObjectivesTests */,
				125009262B76FE44004338A7 /* ObjectivesUITests */,
				125009092B76FE42004338A7 /* Products */,
			);
			sourceTree = "<group>";
		};
		125009092B76FE42004338A7 /* Products */ = {
			isa = PBXGroup;
			children = (
				125009082B76FE42004338A7 /* Objectives.app */,
				125009192B76FE44004338A7 /* ObjectivesTests.xctest */,
				125009232B76FE44004338A7 /* ObjectivesUITests.xctest */,
			);
			name = Products;
			sourceTree = "<group>";
		};
		1250090A2B76FE42004338A7 /* Objectives */ = {
			isa = PBXGroup;
			children = (
				1250090B2B76FE42004338A7 /* ObjectivesApp.swift */,
				1250090D2B76FE42004338A7 /* ContentView.swift */,
				1250090F2B76FE43004338A7 /* Assets.xcassets */,
				125009112B76FE43004338A7 /* Objectives.entitlements */,
				125009122B76FE43004338A7 /* Preview Content */,
			);
			path = Objectives;
			sourceTree = "<group>";
		};
		125009122B76FE43004338A7 /* Preview Content */ = {
			isa = PBXGroup;
			children = (
				125009132B76FE43004338A7 /* Preview Assets.xcassets */,
			);
			path = "Preview Content";
			sourceTree = "<group>";
		};
		1250091C2B76FE44004338A7 /* ObjectivesTests */ = {
			isa = PBXGroup;
			children = (
				1250091D2B76FE44004338A7 /* ObjectivesTests.swift */,
			);
			path = ObjectivesTests;
			sourceTree = "<group>";
		};
		125009262B76FE44004338A7 /* ObjectivesUITests */ = {
			isa = PBXGroup;
			children = (
				125009272B76FE44004338A7 /* ObjectivesUITests.swift */,
				125009292B76FE44004338A7 /* ObjectivesUITestsLaunchTests.swift */,
			);
			path = ObjectivesUITests;
			sourceTree = "<group>";
		};
/* End PBXGroup section */

/* Begin PBXNativeTarget section */
		125009072B76FE42004338A7 /* Objectives */ = {
			isa = PBXNativeTarget;
			buildConfigurationList = 1250092D2B76FE44004338A7 /* Build configuration list for PBXNativeTarget "Objectives" */;
			buildPhases = (
				125009042B76FE42004338A7 /* Sources */,
				125009052B76FE42004338A7 /* Frameworks */,
				125009062B76FE42004338A7 /* Resources */,
			);
			buildRules = (
			);
			dependencies = (
			);
			name = Objectives;
			productName = Objectives;
			productReference = 125009082B76FE42004338A7 /* Objectives.app */;
			productType = "com.apple.product-type.application";
		};
		125009182B76FE44004338A7 /* ObjectivesTests */ = {
			isa = PBXNativeTarget;
			buildConfigurationList = 125009302B76FE44004338A7 /* Build configuration list for PBXNativeTarget "ObjectivesTests" */;
			buildPhases = (
				125009152B76FE44004338A7 /* Sources */,
				125009162B76FE44004338A7 /* Frameworks */,
				125009172B76FE44004338A7 /* Resources */,
			);
			buildRules = (
			);
			dependencies = (
				1250091B2B76FE44004338A7 /* PBXTargetDependency */,
			);
			name = ObjectivesTests;
			productName = ObjectivesTests;
			productReference = 125009192B76FE44004338A7 /* ObjectivesTests.xctest */;
			productType = "com.apple.product-type.bundle.unit-test";
		};
		125009222B76FE44004338A7 /* ObjectivesUITests */ = {
			isa = PBXNativeTarget;
			buildConfigurationList = 125009332B76FE44004338A7 /* Build configuration list for PBXNativeTarget "ObjectivesUITests" */;
			buildPhases = (
				1250091F2B76FE44004338A7 /* Sources */,
				125009202B76FE44004338A7 /* Frameworks */,
				125009212B76FE44004338A7 /* Resources */,
			);
			buildRules = (
			);
			dependencies = (
				125009252B76FE44004338A7 /* PBXTargetDependency */,
			);
			name = ObjectivesUITests;
			productName = ObjectivesUITests;
			productReference = 125009232B76FE44004338A7 /* ObjectivesUITests.xctest */;
			productType = "com.apple.product-type.bundle.ui-testing";
		};
/* End PBXNativeTarget section */

/* Begin PBXProject section */
		125009002B76FE42004338A7 /* Project object */ = {
			isa = PBXProject;
			attributes = {
				BuildIndependentTargetsInParallel = 1;
				LastSwiftUpdateCheck = 1520;
				LastUpgradeCheck = 1520;
				TargetAttributes = {
					125009072B76FE42004338A7 = {
						CreatedOnToolsVersion = 15.2;
					};
					125009182B76FE44004338A7 = {
						CreatedOnToolsVersion = 15.2;
						TestTargetID = 125009072B76FE42004338A7;
					};
					125009222B76FE44004338A7 = {
						CreatedOnToolsVersion = 15.2;
						TestTargetID = 125009072B76FE42004338A7;
					};
				};
			};
			buildConfigurationList = 125009032B76FE42004338A7 /* Build configuration list for PBXProject "Objectives" */;
			compatibilityVersion = "Xcode 14.0";
			developmentRegion = en;
			hasScannedForEncodings = 0;
			knownRegions = (
				en,
				Base,
			);
			mainGroup = 125008FF2B76FE42004338A7;
			productRefGroup = 125009092B76FE42004338A7 /* Products */;
			projectDirPath = "";
			projectRoot = "";
			targets = (
				125009072B76FE42004338A7 /* Objectives */,
				125009182B76FE44004338A7 /* ObjectivesTests */,
				125009222B76FE44004338A7 /* ObjectivesUITests */,
			);
		};
/* End PBXProject section */

/* Begin PBXResourcesBuildPhase section */
		125009062B76FE42004338A7 /* Resources */ = {
			isa = PBXResourcesBuildPhase;
			buildActionMask = 2147483647;
			files = (
				125009142B76FE43004338A7 /* Preview Assets.xcassets in Resources */,
				125009102B76FE43004338A7 /* Assets.xcassets in Resources */,
			);
			runOnlyForDeploymentPostprocessing = 0;
		};
		125009172B76FE44004338A7 /* Resources */ = {
			isa = PBXResourcesBuildPhase;
			buildActionMask = 2147483647;
			files = (
			);
			runOnlyForDeploymentPostprocessing = 0;
		};
		125009212B76FE44004338A7 /* Resources */ = {
			isa = PBXResourcesBuildPhase;
			buildActionMask = 2147483647;
			files = (
			);
			runOnlyForDeploymentPostprocessing = 0;
		};
/* End PBXResourcesBuildPhase section */

/* Begin PBXSourcesBuildPhase section */
		125009042B76FE42004338A7 /* Sources */ = {
			isa = PBXSourcesBuildPhase;
			buildActionMask = 2147483647;
			files = (
				1250090E2B76FE42004338A7 /* ContentView.swift in Sources */,
				1250090C2B76FE42004338A7 /* ObjectivesApp.swift in Sources */,
			);
			runOnlyForDeploymentPostprocessing = 0;
		};
		125009152B76FE44004338A7 /* Sources */ = {
			isa = PBXSourcesBuildPhase;
			buildActionMask = 2147483647;
			files = (
				1250091E2B76FE44004338A7 /* ObjectivesTests.swift in Sources */,
			);
			runOnlyForDeploymentPostprocessing = 0;
		};
		1250091F2B76FE44004338A7 /* Sources */ = {
			isa = PBXSourcesBuildPhase;
			buildActionMask = 2147483647;
			files = (
				1250092A2B76FE44004338A7 /* ObjectivesUITestsLaunchTests.swift in Sources */,
				125009282B76FE44004338A7 /* ObjectivesUITests.swift in Sources */,
			);
			runOnlyForDeploymentPostprocessing = 0;
		};
/* End PBXSourcesBuildPhase section */

/* Begin PBXTargetDependency section */
		1250091B2B76FE44004338A7 /* PBXTargetDependency */ = {
			isa = PBXTargetDependency;
			target = 125009072B76FE42004338A7 /* Objectives */;
			targetProxy = 1250091A2B76FE44004338A7 /* PBXContainerItemProxy */;
		};
		125009252B76FE44004338A7 /* PBXTargetDependency */ = {
			isa = PBXTargetDependency;
			target = 125009072B76FE42004338A7 /* Objectives */;
			targetProxy = 125009242B76FE44004338A7 /* PBXContainerItemProxy */;
		};
/* End PBXTargetDependency section */

/* Begin XCBuildConfiguration section */
		1250092B2B76FE44004338A7 /* Debug */ = {
			isa = XCBuildConfiguration;
			buildSettings = {
				ALWAYS_SEARCH_USER_PATHS = NO;
				ASSETCATALOG_COMPILER_GENERATE_SWIFT_ASSET_SYMBOL_EXTENSIONS = YES;
				CLANG_ANALYZER_NONNULL = YES;
				CLANG_ANALYZER_NUMBER_OBJECT_CONVERSION = YES_AGGRESSIVE;
				CLANG_CXX_LANGUAGE_STANDARD = "gnu++20";
				CLANG_ENABLE_MODULES = YES;
				CLANG_ENABLE_OBJC_ARC = YES;
				CLANG_ENABLE_OBJC_WEAK = YES;
				CLANG_WARN_BLOCK_CAPTURE_AUTORELEASING = YES;
				CLANG_WARN_BOOL_CONVERSION = YES;
				CLANG_WARN_COMMA = YES;
				CLANG_WARN_CONSTANT_CONVERSION = YES;
				CLANG_WARN_DEPRECATED_OBJC_IMPLEMENTATIONS = YES;
				CLANG_WARN_DIRECT_OBJC_ISA_USAGE = YES_ERROR;
				CLANG_WARN_DOCUMENTATION_COMMENTS = YES;
				CLANG_WARN_EMPTY_BODY = YES;
				CLANG_WARN_ENUM_CONVERSION = YES;
				CLANG_WARN_INFINITE_RECURSION = YES;
				CLANG_WARN_INT_CONVERSION = YES;
				CLANG_WARN_NON_LITERAL_NULL_CONVERSION = YES;
				CLANG_WARN_OBJC_IMPLICIT_RETAIN_SELF = YES;
				CLANG_WARN_OBJC_LITERAL_CONVERSION = YES;
				CLANG_WARN_OBJC_ROOT_CLASS = YES_ERROR;
				CLANG_WARN_QUOTED_INCLUDE_IN_FRAMEWORK_HEADER = YES;
				CLANG_WARN_RANGE_LOOP_ANALYSIS = YES;
				CLANG_WARN_STRICT_PROTOTYPES = YES;
				CLANG_WARN_SUSPICIOUS_MOVE = YES;
				CLANG_WARN_UNGUARDED_AVAILABILITY = YES_AGGRESSIVE;
				CLANG_WARN_UNREACHABLE_CODE = YES;
				CLANG_WARN__DUPLICATE_METHOD_MATCH = YES;
				COPY_PHASE_STRIP = NO;
				DEBUG_INFORMATION_FORMAT = dwarf;
				ENABLE_STRICT_OBJC_MSGSEND = YES;
				ENABLE_TESTABILITY = YES;
				ENABLE_USER_SCRIPT_SANDBOXING = YES;
				GCC_C_LANGUAGE_STANDARD = gnu17;
				GCC_DYNAMIC_NO_PIC = NO;
				GCC_NO_COMMON_BLOCKS = YES;
				GCC_OPTIMIZATION_LEVEL = 0;
				GCC_PREPROCESSOR_DEFINITIONS = (
					"DEBUG=1",
					"$(inherited)",
				);
				GCC_WARN_64_TO_32_BIT_CONVERSION = YES;
				GCC_WARN_ABOUT_RETURN_TYPE = YES_ERROR;
				GCC_WARN_UNDECLARED_SELECTOR = YES;
				GCC_WARN_UNINITIALIZED_AUTOS = YES_AGGRESSIVE;
				GCC_WARN_UNUSED_FUNCTION = YES;
				GCC_WARN_UNUSED_VARIABLE = YES;
				LOCALIZATION_PREFERS_STRING_CATALOGS = YES;
				MTL_ENABLE_DEBUG_INFO = INCLUDE_SOURCE;
				MTL_FAST_MATH = YES;
				ONLY_ACTIVE_ARCH = YES;
				SWIFT_ACTIVE_COMPILATION_CONDITIONS = "DEBUG $(inherited)";
				SWIFT_OPTIMIZATION_LEVEL = "-Onone";
			};
			name = Debug;
		};
		1250092C2B76FE44004338A7 /* Release */ = {
			isa = XCBuildConfiguration;
			buildSettings = {
				ALWAYS_SEARCH_USER_PATHS = NO;
				ASSETCATALOG_COMPILER_GENERATE_SWIFT_ASSET_SYMBOL_EXTENSIONS = YES;
				CLANG_ANALYZER_NONNULL = YES;
				CLANG_ANALYZER_NUMBER_OBJECT_CONVERSION = YES_AGGRESSIVE;
				CLANG_CXX_LANGUAGE_STANDARD = "gnu++20";
				CLANG_ENABLE_MODULES = YES;
				CLANG_ENABLE_OBJC_ARC = YES;
				CLANG_ENABLE_OBJC_WEAK = YES;
				CLANG_WARN_BLOCK_CAPTURE_AUTORELEASING = YES;
				CLANG_WARN_BOOL_CONVERSION = YES;
				CLANG_WARN_COMMA = YES;
				CLANG_WARN_CONSTANT_CONVERSION = YES;
				CLANG_WARN_DEPRECATED_OBJC_IMPLEMENTATIONS = YES;
				CLANG_WARN_DIRECT_OBJC_ISA_USAGE = YES_ERROR;
				CLANG_WARN_DOCUMENTATION_COMMENTS = YES;
				CLANG_WARN_EMPTY_BODY = YES;
				CLANG_WARN_ENUM_CONVERSION = YES;
				CLANG_WARN_INFINITE_RECURSION = YES;
				CLANG_WARN_INT_CONVERSION = YES;
				CLANG_WARN_NON_LITERAL_NULL_CONVERSION = YES;
				CLANG_WARN_OBJC_IMPLICIT_RETAIN_SELF = YES;
				CLANG_WARN_OBJC_LITERAL_CONVERSION = YES;
				CLANG_WARN_OBJC_ROOT_CLASS = YES_ERROR;
				CLANG_WARN_QUOTED_INCLUDE_IN_FRAMEWORK_HEADER = YES;
				CLANG_WARN_RANGE_LOOP_ANALYSIS = YES;
				CLANG_WARN_STRICT_PROTOTYPES = YES;
				CLANG_WARN_SUSPICIOUS_MOVE = YES;
				CLANG_WARN_UNGUARDED_AVAILABILITY = YES_AGGRESSIVE;
				CLANG_WARN_UNREACHABLE_CODE = YES;
				CLANG_WARN__DUPLICATE_METHOD_MATCH = YES;
				COPY_PHASE_STRIP = NO;
				DEBUG_INFORMATION_FORMAT = "dwarf-with-dsym";
				ENABLE_NS_ASSERTIONS = NO;
				ENABLE_STRICT_OBJC_MSGSEND = YES;
				ENABLE_USER_SCRIPT_SANDBOXING = YES;
				GCC_C_LANGUAGE_STANDARD = gnu17;
				GCC_NO_COMMON_BLOCKS = YES;
				GCC_WARN_64_TO_32_BIT_CONVERSION = YES;
				GCC_WARN_ABOUT_RETURN_TYPE = YES_ERROR;
				GCC_WARN_UNDECLARED_SELECTOR = YES;
				GCC_WARN_UNINITIALIZED_AUTOS = YES_AGGRESSIVE;
				GCC_WARN_UNUSED_FUNCTION = YES;
				GCC_WARN_UNUSED_VARIABLE = YES;
				LOCALIZATION_PREFERS_STRING_CATALOGS = YES;
				MTL_ENABLE_DEBUG_INFO = NO;
				MTL_FAST_MATH = YES;
				SWIFT_COMPILATION_MODE = wholemodule;
			};
			name = Release;
		};
		1250092E2B76FE44004338A7 /* Debug */ = {
			isa = XCBuildConfiguration;
			buildSettings = {
				ASSETCATALOG_COMPILER_APPICON_NAME = AppIcon;
				ASSETCATALOG_COMPILER_GLOBAL_ACCENT_COLOR_NAME = AccentColor;
				CODE_SIGN_ENTITLEMENTS = Objectives/Objectives.entitlements;
				CODE_SIGN_STYLE = Automatic;
				CURRENT_PROJECT_VERSION = 1;
				DEVELOPMENT_ASSET_PATHS = "\"Objectives/Preview Content\"";
				DEVELOPMENT_TEAM = 8QQYNTY523;
				ENABLE_HARDENED_RUNTIME = YES;
				ENABLE_PREVIEWS = YES;
				GENERATE_INFOPLIST_FILE = YES;
				"INFOPLIST_KEY_UIApplicationSceneManifest_Generation[sdk=iphoneos*]" = YES;
				"INFOPLIST_KEY_UIApplicationSceneManifest_Generation[sdk=iphonesimulator*]" = YES;
				"INFOPLIST_KEY_UIApplicationSupportsIndirectInputEvents[sdk=iphoneos*]" = YES;
				"INFOPLIST_KEY_UIApplicationSupportsIndirectInputEvents[sdk=iphonesimulator*]" = YES;
				"INFOPLIST_KEY_UILaunchScreen_Generation[sdk=iphoneos*]" = YES;
				"INFOPLIST_KEY_UILaunchScreen_Generation[sdk=iphonesimulator*]" = YES;
				"INFOPLIST_KEY_UIStatusBarStyle[sdk=iphoneos*]" = UIStatusBarStyleDefault;
				"INFOPLIST_KEY_UIStatusBarStyle[sdk=iphonesimulator*]" = UIStatusBarStyleDefault;
				INFOPLIST_KEY_UISupportedInterfaceOrientations_iPad = "UIInterfaceOrientationPortrait UIInterfaceOrientationPortraitUpsideDown UIInterfaceOrientationLandscapeLeft UIInterfaceOrientationLandscapeRight";
				INFOPLIST_KEY_UISupportedInterfaceOrientations_iPhone = "UIInterfaceOrientationPortrait UIInterfaceOrientationLandscapeLeft UIInterfaceOrientationLandscapeRight";
				IPHONEOS_DEPLOYMENT_TARGET = 17.2;
				LD_RUNPATH_SEARCH_PATHS = "@executable_path/Frameworks";
				"LD_RUNPATH_SEARCH_PATHS[sdk=macosx*]" = "@executable_path/../Frameworks";
				MACOSX_DEPLOYMENT_TARGET = 14.2;
				MARKETING_VERSION = 1.0;
				PRODUCT_BUNDLE_IDENTIFIER = com.weldtactics.Objectives;
				PRODUCT_NAME = "$(TARGET_NAME)";
				SDKROOT = auto;
				SUPPORTED_PLATFORMS = "iphoneos iphonesimulator macosx";
				SWIFT_EMIT_LOC_STRINGS = YES;
				SWIFT_VERSION = 5.0;
				TARGETED_DEVICE_FAMILY = "1,2";
			};
			name = Debug;
		};
		1250092F2B76FE44004338A7 /* Release */ = {
			isa = XCBuildConfiguration;
			buildSettings = {
				ASSETCATALOG_COMPILER_APPICON_NAME = AppIcon;
				ASSETCATALOG_COMPILER_GLOBAL_ACCENT_COLOR_NAME = AccentColor;
				CODE_SIGN_ENTITLEMENTS = Objectives/Objectives.entitlements;
				CODE_SIGN_STYLE = Automatic;
				CURRENT_PROJECT_VERSION = 1;
				DEVELOPMENT_ASSET_PATHS = "\"Objectives/Preview Content\"";
				DEVELOPMENT_TEAM = 8QQYNTY523;
				ENABLE_HARDENED_RUNTIME = YES;
				ENABLE_PREVIEWS = YES;
				GENERATE_INFOPLIST_FILE = YES;
				"INFOPLIST_KEY_UIApplicationSceneManifest_Generation[sdk=iphoneos*]" = YES;
				"INFOPLIST_KEY_UIApplicationSceneManifest_Generation[sdk=iphonesimulator*]" = YES;
				"INFOPLIST_KEY_UIApplicationSupportsIndirectInputEvents[sdk=iphoneos*]" = YES;
				"INFOPLIST_KEY_UIApplicationSupportsIndirectInputEvents[sdk=iphonesimulator*]" = YES;
				"INFOPLIST_KEY_UILaunchScreen_Generation[sdk=iphoneos*]" = YES;
				"INFOPLIST_KEY_UILaunchScreen_Generation[sdk=iphonesimulator*]" = YES;
				"INFOPLIST_KEY_UIStatusBarStyle[sdk=iphoneos*]" = UIStatusBarStyleDefault;
				"INFOPLIST_KEY_UIStatusBarStyle[sdk=iphonesimulator*]" = UIStatusBarStyleDefault;
				INFOPLIST_KEY_UISupportedInterfaceOrientations_iPad = "UIInterfaceOrientationPortrait UIInterfaceOrientationPortraitUpsideDown UIInterfaceOrientationLandscapeLeft UIInterfaceOrientationLandscapeRight";
				INFOPLIST_KEY_UISupportedInterfaceOrientations_iPhone = "UIInterfaceOrientationPortrait UIInterfaceOrientationLandscapeLeft UIInterfaceOrientationLandscapeRight";
				IPHONEOS_DEPLOYMENT_TARGET = 17.2;
				LD_RUNPATH_SEARCH_PATHS = "@executable_path/Frameworks";
				"LD_RUNPATH_SEARCH_PATHS[sdk=macosx*]" = "@executable_path/../Frameworks";
				MACOSX_DEPLOYMENT_TARGET = 14.2;
				MARKETING_VERSION = 1.0;
				PRODUCT_BUNDLE_IDENTIFIER = com.weldtactics.Objectives;
				PRODUCT_NAME = "$(TARGET_NAME)";
				SDKROOT = auto;
				SUPPORTED_PLATFORMS = "iphoneos iphonesimulator macosx";
				SWIFT_EMIT_LOC_STRINGS = YES;
				SWIFT_VERSION = 5.0;
				TARGETED_DEVICE_FAMILY = "1,2";
			};
			name = Release;
		};
		125009312B76FE44004338A7 /* Debug */ = {
			isa = XCBuildConfiguration;
			buildSettings = {
				ALWAYS_EMBED_SWIFT_STANDARD_LIBRARIES = YES;
				BUNDLE_LOADER = "$(TEST_HOST)";
				CODE_SIGN_STYLE = Automatic;
				CURRENT_PROJECT_VERSION = 1;
				DEVELOPMENT_TEAM = 8QQYNTY523;
				GENERATE_INFOPLIST_FILE = YES;
				IPHONEOS_DEPLOYMENT_TARGET = 17.2;
				MACOSX_DEPLOYMENT_TARGET = 14.2;
				MARKETING_VERSION = 1.0;
				PRODUCT_BUNDLE_IDENTIFIER = com.weldtactics.ObjectivesTests;
				PRODUCT_NAME = "$(TARGET_NAME)";
				SDKROOT = auto;
				SUPPORTED_PLATFORMS = "iphoneos iphonesimulator macosx";
				SWIFT_EMIT_LOC_STRINGS = NO;
				SWIFT_VERSION = 5.0;
				TARGETED_DEVICE_FAMILY = "1,2";
				TEST_HOST = "$(BUILT_PRODUCTS_DIR)/Objectives.app/$(BUNDLE_EXECUTABLE_FOLDER_PATH)/Objectives";
			};
			name = Debug;
		};
		125009322B76FE44004338A7 /* Release */ = {
			isa = XCBuildConfiguration;
			buildSettings = {
				ALWAYS_EMBED_SWIFT_STANDARD_LIBRARIES = YES;
				BUNDLE_LOADER = "$(TEST_HOST)";
				CODE_SIGN_STYLE = Automatic;
				CURRENT_PROJECT_VERSION = 1;
				DEVELOPMENT_TEAM = 8QQYNTY523;
				GENERATE_INFOPLIST_FILE = YES;
				IPHONEOS_DEPLOYMENT_TARGET = 17.2;
				MACOSX_DEPLOYMENT_TARGET = 14.2;
				MARKETING_VERSION = 1.0;
				PRODUCT_BUNDLE_IDENTIFIER = com.weldtactics.ObjectivesTests;
				PRODUCT_NAME = "$(TARGET_NAME)";
				SDKROOT = auto;
				SUPPORTED_PLATFORMS = "iphoneos iphonesimulator macosx";
				SWIFT_EMIT_LOC_STRINGS = NO;
				SWIFT_VERSION = 5.0;
				TARGETED_DEVICE_FAMILY = "1,2";
				TEST_HOST = "$(BUILT_PRODUCTS_DIR)/Objectives.app/$(BUNDLE_EXECUTABLE_FOLDER_PATH)/Objectives";
			};
			name = Release;
		};
		125009342B76FE44004338A7 /* Debug */ = {
			isa = XCBuildConfiguration;
			buildSettings = {
				ALWAYS_EMBED_SWIFT_STANDARD_LIBRARIES = YES;
				CODE_SIGN_STYLE = Automatic;
				CURRENT_PROJECT_VERSION = 1;
				DEVELOPMENT_TEAM = 8QQYNTY523;
				GENERATE_INFOPLIST_FILE = YES;
				IPHONEOS_DEPLOYMENT_TARGET = 17.2;
				MACOSX_DEPLOYMENT_TARGET = 14.2;
				MARKETING_VERSION = 1.0;
				PRODUCT_BUNDLE_IDENTIFIER = com.weldtactics.ObjectivesUITests;
				PRODUCT_NAME = "$(TARGET_NAME)";
				SDKROOT = auto;
				SUPPORTED_PLATFORMS = "iphoneos iphonesimulator macosx";
				SWIFT_EMIT_LOC_STRINGS = NO;
				SWIFT_VERSION = 5.0;
				TARGETED_DEVICE_FAMILY = "1,2";
				TEST_TARGET_NAME = Objectives;
			};
			name = Debug;
		};
		125009352B76FE44004338A7 /* Release */ = {
			isa = XCBuildConfiguration;
			buildSettings = {
				ALWAYS_EMBED_SWIFT_STANDARD_LIBRARIES = YES;
				CODE_SIGN_STYLE = Automatic;
				CURRENT_PROJECT_VERSION = 1;
				DEVELOPMENT_TEAM = 8QQYNTY523;
				GENERATE_INFOPLIST_FILE = YES;
				IPHONEOS_DEPLOYMENT_TARGET = 17.2;
				MACOSX_DEPLOYMENT_TARGET = 14.2;
				MARKETING_VERSION = 1.0;
				PRODUCT_BUNDLE_IDENTIFIER = com.weldtactics.ObjectivesUITests;
				PRODUCT_NAME = "$(TARGET_NAME)";
				SDKROOT = auto;
				SUPPORTED_PLATFORMS = "iphoneos iphonesimulator macosx";
				SWIFT_EMIT_LOC_STRINGS = NO;
				SWIFT_VERSION = 5.0;
				TARGETED_DEVICE_FAMILY = "1,2";
				TEST_TARGET_NAME = Objectives;
			};
			name = Release;
		};
/* End XCBuildConfiguration section */

/* Begin XCConfigurationList section */
		125009032B76FE42004338A7 /* Build configuration list for PBXProject "Objectives" */ = {
			isa = XCConfigurationList;
			buildConfigurations = (
				1250092B2B76FE44004338A7 /* Debug */,
				1250092C2B76FE44004338A7 /* Release */,
			);
			defaultConfigurationIsVisible = 0;
			defaultConfigurationName = Release;
		};
		1250092D2B76FE44004338A7 /* Build configuration list for PBXNativeTarget "Objectives" */ = {
			isa = XCConfigurationList;
			buildConfigurations = (
				1250092E2B76FE44004338A7 /* Debug */,
				1250092F2B76FE44004338A7 /* Release */,
			);
			defaultConfigurationIsVisible = 0;
			defaultConfigurationName = Release;
		};
		125009302B76FE44004338A7 /* Build configuration list for PBXNativeTarget "ObjectivesTests" */ = {
			isa = XCConfigurationList;
			buildConfigurations = (
				125009312B76FE44004338A7 /* Debug */,
				125009322B76FE44004338A7 /* Release */,
			);
			defaultConfigurationIsVisible = 0;
			defaultConfigurationName = Release;
		};
		125009332B76FE44004338A7 /* Build configuration list for PBXNativeTarget "ObjectivesUITests" */ = {
			isa = XCConfigurationList;
			buildConfigurations = (
				125009342B76FE44004338A7 /* Debug */,
				125009352B76FE44004338A7 /* Release */,
			);
			defaultConfigurationIsVisible = 0;
			defaultConfigurationName = Release;
		};
/* End XCConfigurationList section */
	};
	rootObject = 125009002B76FE42004338A7 /* Project object */;
}
